// !$*UTF8*$!
{
	archiveVersion = 1;
	classes = {
	};
	objectVersion = 56;
	objects = {

/* Begin PBXBuildFile section */
		9E21075E2C1B22C00025EC92 /* HabitViewModel.swift in Sources */ = {isa = PBXBuildFile; fileRef = 9E21075D2C1B22C00025EC92 /* HabitViewModel.swift */; };
		9E42A9D12BE53FBB00CDF3A7 /* HistoryView.swift in Sources */ = {isa = PBXBuildFile; fileRef = 9E42A9D02BE53FBB00CDF3A7 /* HistoryView.swift */; };
		9E42A9D32BE5401900CDF3A7 /* NewHabitView.swift in Sources */ = {isa = PBXBuildFile; fileRef = 9E42A9D22BE5401900CDF3A7 /* NewHabitView.swift */; };
		9E42A9D52BE5406600CDF3A7 /* HabitListView.swift in Sources */ = {isa = PBXBuildFile; fileRef = 9E42A9D42BE5406600CDF3A7 /* HabitListView.swift */; };
		9E42A9D72BE540B900CDF3A7 /* SettingsView.swift in Sources */ = {isa = PBXBuildFile; fileRef = 9E42A9D62BE540B900CDF3A7 /* SettingsView.swift */; };
		9E43AA532BED028B00B03A44 /* Launch Screen.storyboard in Resources */ = {isa = PBXBuildFile; fileRef = 9E43AA522BED028B00B03A44 /* Launch Screen.storyboard */; };
		9E5446852BE958E9002F7D21 /* HabitDetailView.swift in Sources */ = {isa = PBXBuildFile; fileRef = 9E5446842BE958E9002F7D21 /* HabitDetailView.swift */; };
		9EA78C582BE64CC4003E272C /* ScheduledNotificationsView.swift in Sources */ = {isa = PBXBuildFile; fileRef = 9EA78C572BE64CC4003E272C /* ScheduledNotificationsView.swift */; };
		9EE30AD42BE50FC4004991EB /* Habit_TrackerApp.swift in Sources */ = {isa = PBXBuildFile; fileRef = 9EE30AD32BE50FC4004991EB /* Habit_TrackerApp.swift */; };
		9EE30AD62BE50FC4004991EB /* ContentView.swift in Sources */ = {isa = PBXBuildFile; fileRef = 9EE30AD52BE50FC4004991EB /* ContentView.swift */; };
		9EE30AD82BE50FC6004991EB /* Assets.xcassets in Resources */ = {isa = PBXBuildFile; fileRef = 9EE30AD72BE50FC6004991EB /* Assets.xcassets */; };
		9EE30ADB2BE50FC6004991EB /* Preview Assets.xcassets in Resources */ = {isa = PBXBuildFile; fileRef = 9EE30ADA2BE50FC6004991EB /* Preview Assets.xcassets */; };
		9EE30ADD2BE50FC6004991EB /* Persistence.swift in Sources */ = {isa = PBXBuildFile; fileRef = 9EE30ADC2BE50FC6004991EB /* Persistence.swift */; };
		9EE30AE02BE50FC6004991EB /* Habit_Tracker.xcdatamodeld in Sources */ = {isa = PBXBuildFile; fileRef = 9EE30ADE2BE50FC6004991EB /* Habit_Tracker.xcdatamodeld */; };
		9EE30AEA2BE50FC6004991EB /* Habit_TrackerTests.swift in Sources */ = {isa = PBXBuildFile; fileRef = 9EE30AE92BE50FC6004991EB /* Habit_TrackerTests.swift */; };
		9EE30AF42BE50FC6004991EB /* Habit_TrackerUITests.swift in Sources */ = {isa = PBXBuildFile; fileRef = 9EE30AF32BE50FC6004991EB /* Habit_TrackerUITests.swift */; };
		9EE30AF62BE50FC6004991EB /* Habit_TrackerUITestsLaunchTests.swift in Sources */ = {isa = PBXBuildFile; fileRef = 9EE30AF52BE50FC6004991EB /* Habit_TrackerUITestsLaunchTests.swift */; };
/* End PBXBuildFile section */

/* Begin PBXContainerItemProxy section */
		9EE30AE62BE50FC6004991EB /* PBXContainerItemProxy */ = {
			isa = PBXContainerItemProxy;
			containerPortal = 9EE30AC82BE50FC4004991EB /* Project object */;
			proxyType = 1;
			remoteGlobalIDString = 9EE30ACF2BE50FC4004991EB;
			remoteInfo = "Habit Tracker";
		};
		9EE30AF02BE50FC6004991EB /* PBXContainerItemProxy */ = {
			isa = PBXContainerItemProxy;
			containerPortal = 9EE30AC82BE50FC4004991EB /* Project object */;
			proxyType = 1;
			remoteGlobalIDString = 9EE30ACF2BE50FC4004991EB;
			remoteInfo = "Habit Tracker";
		};
/* End PBXContainerItemProxy section */

/* Begin PBXCopyFilesBuildPhase section */
		9E5446802BE94CAF002F7D21 /* Embed Foundation Extensions */ = {
			isa = PBXCopyFilesBuildPhase;
			buildActionMask = 2147483647;
			dstPath = "";
			dstSubfolderSpec = 13;
			files = (
			);
			name = "Embed Foundation Extensions";
			runOnlyForDeploymentPostprocessing = 0;
		};
/* End PBXCopyFilesBuildPhase section */

/* Begin PBXFileReference section */
		9E21075D2C1B22C00025EC92 /* HabitViewModel.swift */ = {isa = PBXFileReference; lastKnownFileType = sourcecode.swift; path = HabitViewModel.swift; sourceTree = "<group>"; };
		9E42A9D02BE53FBB00CDF3A7 /* HistoryView.swift */ = {isa = PBXFileReference; lastKnownFileType = sourcecode.swift; path = HistoryView.swift; sourceTree = "<group>"; };
		9E42A9D22BE5401900CDF3A7 /* NewHabitView.swift */ = {isa = PBXFileReference; lastKnownFileType = sourcecode.swift; path = NewHabitView.swift; sourceTree = "<group>"; };
		9E42A9D42BE5406600CDF3A7 /* HabitListView.swift */ = {isa = PBXFileReference; lastKnownFileType = sourcecode.swift; path = HabitListView.swift; sourceTree = "<group>"; };
		9E42A9D62BE540B900CDF3A7 /* SettingsView.swift */ = {isa = PBXFileReference; lastKnownFileType = sourcecode.swift; path = SettingsView.swift; sourceTree = "<group>"; };
		9E43AA522BED028B00B03A44 /* Launch Screen.storyboard */ = {isa = PBXFileReference; lastKnownFileType = file.storyboard; path = "Launch Screen.storyboard"; sourceTree = "<group>"; };
		9E54466F2BE94CAD002F7D21 /* WidgetKit.framework */ = {isa = PBXFileReference; lastKnownFileType = wrapper.framework; name = WidgetKit.framework; path = System/Library/Frameworks/WidgetKit.framework; sourceTree = SDKROOT; };
		9E5446712BE94CAD002F7D21 /* SwiftUI.framework */ = {isa = PBXFileReference; lastKnownFileType = wrapper.framework; name = SwiftUI.framework; path = System/Library/Frameworks/SwiftUI.framework; sourceTree = SDKROOT; };
		9E5446842BE958E9002F7D21 /* HabitDetailView.swift */ = {isa = PBXFileReference; lastKnownFileType = sourcecode.swift; path = HabitDetailView.swift; sourceTree = "<group>"; };
		9EA78C572BE64CC4003E272C /* ScheduledNotificationsView.swift */ = {isa = PBXFileReference; lastKnownFileType = sourcecode.swift; path = ScheduledNotificationsView.swift; sourceTree = "<group>"; };
		9EE30AD02BE50FC4004991EB /* Habit Tracker.app */ = {isa = PBXFileReference; explicitFileType = wrapper.application; includeInIndex = 0; path = "Habit Tracker.app"; sourceTree = BUILT_PRODUCTS_DIR; };
		9EE30AD32BE50FC4004991EB /* Habit_TrackerApp.swift */ = {isa = PBXFileReference; lastKnownFileType = sourcecode.swift; path = Habit_TrackerApp.swift; sourceTree = "<group>"; };
		9EE30AD52BE50FC4004991EB /* ContentView.swift */ = {isa = PBXFileReference; lastKnownFileType = sourcecode.swift; path = ContentView.swift; sourceTree = "<group>"; };
		9EE30AD72BE50FC6004991EB /* Assets.xcassets */ = {isa = PBXFileReference; lastKnownFileType = folder.assetcatalog; path = Assets.xcassets; sourceTree = "<group>"; };
		9EE30ADA2BE50FC6004991EB /* Preview Assets.xcassets */ = {isa = PBXFileReference; lastKnownFileType = folder.assetcatalog; path = "Preview Assets.xcassets"; sourceTree = "<group>"; };
		9EE30ADC2BE50FC6004991EB /* Persistence.swift */ = {isa = PBXFileReference; lastKnownFileType = sourcecode.swift; path = Persistence.swift; sourceTree = "<group>"; };
		9EE30ADF2BE50FC6004991EB /* Habit_Tracker.xcdatamodel */ = {isa = PBXFileReference; lastKnownFileType = wrapper.xcdatamodel; path = Habit_Tracker.xcdatamodel; sourceTree = "<group>"; };
		9EE30AE52BE50FC6004991EB /* Habit TrackerTests.xctest */ = {isa = PBXFileReference; explicitFileType = wrapper.cfbundle; includeInIndex = 0; path = "Habit TrackerTests.xctest"; sourceTree = BUILT_PRODUCTS_DIR; };
		9EE30AE92BE50FC6004991EB /* Habit_TrackerTests.swift */ = {isa = PBXFileReference; lastKnownFileType = sourcecode.swift; path = Habit_TrackerTests.swift; sourceTree = "<group>"; };
		9EE30AEF2BE50FC6004991EB /* Habit TrackerUITests.xctest */ = {isa = PBXFileReference; explicitFileType = wrapper.cfbundle; includeInIndex = 0; path = "Habit TrackerUITests.xctest"; sourceTree = BUILT_PRODUCTS_DIR; };
		9EE30AF32BE50FC6004991EB /* Habit_TrackerUITests.swift */ = {isa = PBXFileReference; lastKnownFileType = sourcecode.swift; path = Habit_TrackerUITests.swift; sourceTree = "<group>"; };
		9EE30AF52BE50FC6004991EB /* Habit_TrackerUITestsLaunchTests.swift */ = {isa = PBXFileReference; lastKnownFileType = sourcecode.swift; path = Habit_TrackerUITestsLaunchTests.swift; sourceTree = "<group>"; };
/* End PBXFileReference section */

/* Begin PBXFrameworksBuildPhase section */
		9EE30ACD2BE50FC4004991EB /* Frameworks */ = {
			isa = PBXFrameworksBuildPhase;
			buildActionMask = 2147483647;
			files = (
			);
			runOnlyForDeploymentPostprocessing = 0;
		};
		9EE30AE22BE50FC6004991EB /* Frameworks */ = {
			isa = PBXFrameworksBuildPhase;
			buildActionMask = 2147483647;
			files = (
			);
			runOnlyForDeploymentPostprocessing = 0;
		};
		9EE30AEC2BE50FC6004991EB /* Frameworks */ = {
			isa = PBXFrameworksBuildPhase;
			buildActionMask = 2147483647;
			files = (
			);
			runOnlyForDeploymentPostprocessing = 0;
		};
/* End PBXFrameworksBuildPhase section */

/* Begin PBXGroup section */
		9E54466E2BE94CAD002F7D21 /* Frameworks */ = {
			isa = PBXGroup;
			children = (
				9E54466F2BE94CAD002F7D21 /* WidgetKit.framework */,
				9E5446712BE94CAD002F7D21 /* SwiftUI.framework */,
			);
			name = Frameworks;
			sourceTree = "<group>";
		};
		9EE30AC72BE50FC4004991EB = {
			isa = PBXGroup;
			children = (
				9EE30AD22BE50FC4004991EB /* Habit Tracker */,
				9EE30AE82BE50FC6004991EB /* Habit TrackerTests */,
				9EE30AF22BE50FC6004991EB /* Habit TrackerUITests */,
				9E54466E2BE94CAD002F7D21 /* Frameworks */,
				9EE30AD12BE50FC4004991EB /* Products */,
			);
			sourceTree = "<group>";
		};
		9EE30AD12BE50FC4004991EB /* Products */ = {
			isa = PBXGroup;
			children = (
				9EE30AD02BE50FC4004991EB /* Habit Tracker.app */,
				9EE30AE52BE50FC6004991EB /* Habit TrackerTests.xctest */,
				9EE30AEF2BE50FC6004991EB /* Habit TrackerUITests.xctest */,
			);
			name = Products;
			sourceTree = "<group>";
		};
		9EE30AD22BE50FC4004991EB /* Habit Tracker */ = {
			isa = PBXGroup;
			children = (
				9E43AA522BED028B00B03A44 /* Launch Screen.storyboard */,
				9EE30AD32BE50FC4004991EB /* Habit_TrackerApp.swift */,
				9EE30AD52BE50FC4004991EB /* ContentView.swift */,
				9E42A9D62BE540B900CDF3A7 /* SettingsView.swift */,
				9E42A9D42BE5406600CDF3A7 /* HabitListView.swift */,
				9E42A9D22BE5401900CDF3A7 /* NewHabitView.swift */,
				9EA78C572BE64CC4003E272C /* ScheduledNotificationsView.swift */,
				9E42A9D02BE53FBB00CDF3A7 /* HistoryView.swift */,
				9E5446842BE958E9002F7D21 /* HabitDetailView.swift */,
				9EE30AD72BE50FC6004991EB /* Assets.xcassets */,
				9EE30ADC2BE50FC6004991EB /* Persistence.swift */,
				9EE30ADE2BE50FC6004991EB /* Habit_Tracker.xcdatamodeld */,
				9E21075D2C1B22C00025EC92 /* HabitViewModel.swift */,
				9EE30AD92BE50FC6004991EB /* Preview Content */,
			);
			path = "Habit Tracker";
			sourceTree = "<group>";
		};
		9EE30AD92BE50FC6004991EB /* Preview Content */ = {
			isa = PBXGroup;
			children = (
				9EE30ADA2BE50FC6004991EB /* Preview Assets.xcassets */,
			);
			path = "Preview Content";
			sourceTree = "<group>";
		};
		9EE30AE82BE50FC6004991EB /* Habit TrackerTests */ = {
			isa = PBXGroup;
			children = (
				9EE30AE92BE50FC6004991EB /* Habit_TrackerTests.swift */,
			);
			path = "Habit TrackerTests";
			sourceTree = "<group>";
		};
		9EE30AF22BE50FC6004991EB /* Habit TrackerUITests */ = {
			isa = PBXGroup;
			children = (
				9EE30AF32BE50FC6004991EB /* Habit_TrackerUITests.swift */,
				9EE30AF52BE50FC6004991EB /* Habit_TrackerUITestsLaunchTests.swift */,
			);
			path = "Habit TrackerUITests";
			sourceTree = "<group>";
		};
/* End PBXGroup section */

/* Begin PBXNativeTarget section */
		9EE30ACF2BE50FC4004991EB /* Habit Tracker */ = {
			isa = PBXNativeTarget;
			buildConfigurationList = 9EE30AF92BE50FC6004991EB /* Build configuration list for PBXNativeTarget "Habit Tracker" */;
			buildPhases = (
				9EE30ACC2BE50FC4004991EB /* Sources */,
				9EE30ACD2BE50FC4004991EB /* Frameworks */,
				9EE30ACE2BE50FC4004991EB /* Resources */,
				9E5446802BE94CAF002F7D21 /* Embed Foundation Extensions */,
			);
			buildRules = (
			);
			dependencies = (
			);
			name = "Habit Tracker";
			productName = "Habit Tracker";
			productReference = 9EE30AD02BE50FC4004991EB /* Habit Tracker.app */;
			productType = "com.apple.product-type.application";
		};
		9EE30AE42BE50FC6004991EB /* Habit TrackerTests */ = {
			isa = PBXNativeTarget;
			buildConfigurationList = 9EE30AFC2BE50FC6004991EB /* Build configuration list for PBXNativeTarget "Habit TrackerTests" */;
			buildPhases = (
				9EE30AE12BE50FC6004991EB /* Sources */,
				9EE30AE22BE50FC6004991EB /* Frameworks */,
				9EE30AE32BE50FC6004991EB /* Resources */,
			);
			buildRules = (
			);
			dependencies = (
				9EE30AE72BE50FC6004991EB /* PBXTargetDependency */,
			);
			name = "Habit TrackerTests";
			productName = "Habit TrackerTests";
			productReference = 9EE30AE52BE50FC6004991EB /* Habit TrackerTests.xctest */;
			productType = "com.apple.product-type.bundle.unit-test";
		};
		9EE30AEE2BE50FC6004991EB /* Habit TrackerUITests */ = {
			isa = PBXNativeTarget;
			buildConfigurationList = 9EE30AFF2BE50FC6004991EB /* Build configuration list for PBXNativeTarget "Habit TrackerUITests" */;
			buildPhases = (
				9EE30AEB2BE50FC6004991EB /* Sources */,
				9EE30AEC2BE50FC6004991EB /* Frameworks */,
				9EE30AED2BE50FC6004991EB /* Resources */,
			);
			buildRules = (
			);
			dependencies = (
				9EE30AF12BE50FC6004991EB /* PBXTargetDependency */,
			);
			name = "Habit TrackerUITests";
			productName = "Habit TrackerUITests";
			productReference = 9EE30AEF2BE50FC6004991EB /* Habit TrackerUITests.xctest */;
			productType = "com.apple.product-type.bundle.ui-testing";
		};
/* End PBXNativeTarget section */

/* Begin PBXProject section */
		9EE30AC82BE50FC4004991EB /* Project object */ = {
			isa = PBXProject;
			attributes = {
				BuildIndependentTargetsInParallel = 1;
				LastSwiftUpdateCheck = 1530;
				LastUpgradeCheck = 1530;
				TargetAttributes = {
					9EE30ACF2BE50FC4004991EB = {
						CreatedOnToolsVersion = 15.3;
					};
					9EE30AE42BE50FC6004991EB = {
						CreatedOnToolsVersion = 15.3;
						TestTargetID = 9EE30ACF2BE50FC4004991EB;
					};
					9EE30AEE2BE50FC6004991EB = {
						CreatedOnToolsVersion = 15.3;
						TestTargetID = 9EE30ACF2BE50FC4004991EB;
					};
				};
			};
			buildConfigurationList = 9EE30ACB2BE50FC4004991EB /* Build configuration list for PBXProject "Habit Tracker" */;
			compatibilityVersion = "Xcode 14.0";
			developmentRegion = en;
			hasScannedForEncodings = 0;
			knownRegions = (
				en,
				Base,
			);
			mainGroup = 9EE30AC72BE50FC4004991EB;
			productRefGroup = 9EE30AD12BE50FC4004991EB /* Products */;
			projectDirPath = "";
			projectRoot = "";
			targets = (
				9EE30ACF2BE50FC4004991EB /* Habit Tracker */,
				9EE30AE42BE50FC6004991EB /* Habit TrackerTests */,
				9EE30AEE2BE50FC6004991EB /* Habit TrackerUITests */,
			);
		};
/* End PBXProject section */

/* Begin PBXResourcesBuildPhase section */
		9EE30ACE2BE50FC4004991EB /* Resources */ = {
			isa = PBXResourcesBuildPhase;
			buildActionMask = 2147483647;
			files = (
				9E43AA532BED028B00B03A44 /* Launch Screen.storyboard in Resources */,
				9EE30ADB2BE50FC6004991EB /* Preview Assets.xcassets in Resources */,
				9EE30AD82BE50FC6004991EB /* Assets.xcassets in Resources */,
			);
			runOnlyForDeploymentPostprocessing = 0;
		};
		9EE30AE32BE50FC6004991EB /* Resources */ = {
			isa = PBXResourcesBuildPhase;
			buildActionMask = 2147483647;
			files = (
			);
			runOnlyForDeploymentPostprocessing = 0;
		};
		9EE30AED2BE50FC6004991EB /* Resources */ = {
			isa = PBXResourcesBuildPhase;
			buildActionMask = 2147483647;
			files = (
			);
			runOnlyForDeploymentPostprocessing = 0;
		};
/* End PBXResourcesBuildPhase section */

/* Begin PBXSourcesBuildPhase section */
		9EE30ACC2BE50FC4004991EB /* Sources */ = {
			isa = PBXSourcesBuildPhase;
			buildActionMask = 2147483647;
			files = (
				9E42A9D32BE5401900CDF3A7 /* NewHabitView.swift in Sources */,
				9E42A9D72BE540B900CDF3A7 /* SettingsView.swift in Sources */,
				9EE30ADD2BE50FC6004991EB /* Persistence.swift in Sources */,
				9EE30AE02BE50FC6004991EB /* Habit_Tracker.xcdatamodeld in Sources */,
				9E42A9D12BE53FBB00CDF3A7 /* HistoryView.swift in Sources */,
				9E21075E2C1B22C00025EC92 /* HabitViewModel.swift in Sources */,
				9EA78C582BE64CC4003E272C /* ScheduledNotificationsView.swift in Sources */,
				9E5446852BE958E9002F7D21 /* HabitDetailView.swift in Sources */,
				9EE30AD62BE50FC4004991EB /* ContentView.swift in Sources */,
				9EE30AD42BE50FC4004991EB /* Habit_TrackerApp.swift in Sources */,
				9E42A9D52BE5406600CDF3A7 /* HabitListView.swift in Sources */,
			);
			runOnlyForDeploymentPostprocessing = 0;
		};
		9EE30AE12BE50FC6004991EB /* Sources */ = {
			isa = PBXSourcesBuildPhase;
			buildActionMask = 2147483647;
			files = (
				9EE30AEA2BE50FC6004991EB /* Habit_TrackerTests.swift in Sources */,
			);
			runOnlyForDeploymentPostprocessing = 0;
		};
		9EE30AEB2BE50FC6004991EB /* Sources */ = {
			isa = PBXSourcesBuildPhase;
			buildActionMask = 2147483647;
			files = (
				9EE30AF62BE50FC6004991EB /* Habit_TrackerUITestsLaunchTests.swift in Sources */,
				9EE30AF42BE50FC6004991EB /* Habit_TrackerUITests.swift in Sources */,
			);
			runOnlyForDeploymentPostprocessing = 0;
		};
/* End PBXSourcesBuildPhase section */

/* Begin PBXTargetDependency section */
		9EE30AE72BE50FC6004991EB /* PBXTargetDependency */ = {
			isa = PBXTargetDependency;
			target = 9EE30ACF2BE50FC4004991EB /* Habit Tracker */;
			targetProxy = 9EE30AE62BE50FC6004991EB /* PBXContainerItemProxy */;
		};
		9EE30AF12BE50FC6004991EB /* PBXTargetDependency */ = {
			isa = PBXTargetDependency;
			target = 9EE30ACF2BE50FC4004991EB /* Habit Tracker */;
			targetProxy = 9EE30AF02BE50FC6004991EB /* PBXContainerItemProxy */;
		};
/* End PBXTargetDependency section */

/* Begin XCBuildConfiguration section */
		9EE30AF72BE50FC6004991EB /* Debug */ = {
			isa = XCBuildConfiguration;
			buildSettings = {
				ALWAYS_SEARCH_USER_PATHS = NO;
				ASSETCATALOG_COMPILER_GENERATE_SWIFT_ASSET_SYMBOL_EXTENSIONS = YES;
				CLANG_ANALYZER_NONNULL = YES;
				CLANG_ANALYZER_NUMBER_OBJECT_CONVERSION = YES_AGGRESSIVE;
				CLANG_CXX_LANGUAGE_STANDARD = "gnu++20";
				CLANG_ENABLE_MODULES = YES;
				CLANG_ENABLE_OBJC_ARC = YES;
				CLANG_ENABLE_OBJC_WEAK = YES;
				CLANG_WARN_BLOCK_CAPTURE_AUTORELEASING = YES;
				CLANG_WARN_BOOL_CONVERSION = YES;
				CLANG_WARN_COMMA = YES;
				CLANG_WARN_CONSTANT_CONVERSION = YES;
				CLANG_WARN_DEPRECATED_OBJC_IMPLEMENTATIONS = YES;
				CLANG_WARN_DIRECT_OBJC_ISA_USAGE = YES_ERROR;
				CLANG_WARN_DOCUMENTATION_COMMENTS = YES;
				CLANG_WARN_EMPTY_BODY = YES;
				CLANG_WARN_ENUM_CONVERSION = YES;
				CLANG_WARN_INFINITE_RECURSION = YES;
				CLANG_WARN_INT_CONVERSION = YES;
				CLANG_WARN_NON_LITERAL_NULL_CONVERSION = YES;
				CLANG_WARN_OBJC_IMPLICIT_RETAIN_SELF = YES;
				CLANG_WARN_OBJC_LITERAL_CONVERSION = YES;
				CLANG_WARN_OBJC_ROOT_CLASS = YES_ERROR;
				CLANG_WARN_QUOTED_INCLUDE_IN_FRAMEWORK_HEADER = YES;
				CLANG_WARN_RANGE_LOOP_ANALYSIS = YES;
				CLANG_WARN_STRICT_PROTOTYPES = YES;
				CLANG_WARN_SUSPICIOUS_MOVE = YES;
				CLANG_WARN_UNGUARDED_AVAILABILITY = YES_AGGRESSIVE;
				CLANG_WARN_UNREACHABLE_CODE = YES;
				CLANG_WARN__DUPLICATE_METHOD_MATCH = YES;
				COPY_PHASE_STRIP = NO;
				DEBUG_INFORMATION_FORMAT = dwarf;
				ENABLE_STRICT_OBJC_MSGSEND = YES;
				ENABLE_TESTABILITY = YES;
				ENABLE_USER_SCRIPT_SANDBOXING = YES;
				GCC_C_LANGUAGE_STANDARD = gnu17;
				GCC_DYNAMIC_NO_PIC = NO;
				GCC_NO_COMMON_BLOCKS = YES;
				GCC_OPTIMIZATION_LEVEL = 0;
				GCC_PREPROCESSOR_DEFINITIONS = (
					"DEBUG=1",
					"$(inherited)",
				);
				GCC_WARN_64_TO_32_BIT_CONVERSION = YES;
				GCC_WARN_ABOUT_RETURN_TYPE = YES_ERROR;
				GCC_WARN_UNDECLARED_SELECTOR = YES;
				GCC_WARN_UNINITIALIZED_AUTOS = YES_AGGRESSIVE;
				GCC_WARN_UNUSED_FUNCTION = YES;
				GCC_WARN_UNUSED_VARIABLE = YES;
				IPHONEOS_DEPLOYMENT_TARGET = 17.4;
				LOCALIZATION_PREFERS_STRING_CATALOGS = YES;
				MTL_ENABLE_DEBUG_INFO = INCLUDE_SOURCE;
				MTL_FAST_MATH = YES;
				ONLY_ACTIVE_ARCH = YES;
				SDKROOT = iphoneos;
				SWIFT_ACTIVE_COMPILATION_CONDITIONS = "DEBUG $(inherited)";
				SWIFT_OPTIMIZATION_LEVEL = "-Onone";
			};
			name = Debug;
		};
		9EE30AF82BE50FC6004991EB /* Release */ = {
			isa = XCBuildConfiguration;
			buildSettings = {
				ALWAYS_SEARCH_USER_PATHS = NO;
				ASSETCATALOG_COMPILER_GENERATE_SWIFT_ASSET_SYMBOL_EXTENSIONS = YES;
				CLANG_ANALYZER_NONNULL = YES;
				CLANG_ANALYZER_NUMBER_OBJECT_CONVERSION = YES_AGGRESSIVE;
				CLANG_CXX_LANGUAGE_STANDARD = "gnu++20";
				CLANG_ENABLE_MODULES = YES;
				CLANG_ENABLE_OBJC_ARC = YES;
				CLANG_ENABLE_OBJC_WEAK = YES;
				CLANG_WARN_BLOCK_CAPTURE_AUTORELEASING = YES;
				CLANG_WARN_BOOL_CONVERSION = YES;
				CLANG_WARN_COMMA = YES;
				CLANG_WARN_CONSTANT_CONVERSION = YES;
				CLANG_WARN_DEPRECATED_OBJC_IMPLEMENTATIONS = YES;
				CLANG_WARN_DIRECT_OBJC_ISA_USAGE = YES_ERROR;
				CLANG_WARN_DOCUMENTATION_COMMENTS = YES;
				CLANG_WARN_EMPTY_BODY = YES;
				CLANG_WARN_ENUM_CONVERSION = YES;
				CLANG_WARN_INFINITE_RECURSION = YES;
				CLANG_WARN_INT_CONVERSION = YES;
				CLANG_WARN_NON_LITERAL_NULL_CONVERSION = YES;
				CLANG_WARN_OBJC_IMPLICIT_RETAIN_SELF = YES;
				CLANG_WARN_OBJC_LITERAL_CONVERSION = YES;
				CLANG_WARN_OBJC_ROOT_CLASS = YES_ERROR;
				CLANG_WARN_QUOTED_INCLUDE_IN_FRAMEWORK_HEADER = YES;
				CLANG_WARN_RANGE_LOOP_ANALYSIS = YES;
				CLANG_WARN_STRICT_PROTOTYPES = YES;
				CLANG_WARN_SUSPICIOUS_MOVE = YES;
				CLANG_WARN_UNGUARDED_AVAILABILITY = YES_AGGRESSIVE;
				CLANG_WARN_UNREACHABLE_CODE = YES;
				CLANG_WARN__DUPLICATE_METHOD_MATCH = YES;
				COPY_PHASE_STRIP = NO;
				DEBUG_INFORMATION_FORMAT = "dwarf-with-dsym";
				ENABLE_NS_ASSERTIONS = NO;
				ENABLE_STRICT_OBJC_MSGSEND = YES;
				ENABLE_USER_SCRIPT_SANDBOXING = YES;
				GCC_C_LANGUAGE_STANDARD = gnu17;
				GCC_NO_COMMON_BLOCKS = YES;
				GCC_WARN_64_TO_32_BIT_CONVERSION = YES;
				GCC_WARN_ABOUT_RETURN_TYPE = YES_ERROR;
				GCC_WARN_UNDECLARED_SELECTOR = YES;
				GCC_WARN_UNINITIALIZED_AUTOS = YES_AGGRESSIVE;
				GCC_WARN_UNUSED_FUNCTION = YES;
				GCC_WARN_UNUSED_VARIABLE = YES;
				IPHONEOS_DEPLOYMENT_TARGET = 17.4;
				LOCALIZATION_PREFERS_STRING_CATALOGS = YES;
				MTL_ENABLE_DEBUG_INFO = NO;
				MTL_FAST_MATH = YES;
				SDKROOT = iphoneos;
				SWIFT_COMPILATION_MODE = wholemodule;
				VALIDATE_PRODUCT = YES;
			};
			name = Release;
		};
		9EE30AFA2BE50FC6004991EB /* Debug */ = {
			isa = XCBuildConfiguration;
			buildSettings = {
				ASSETCATALOG_COMPILER_APPICON_NAME = AppIcon;
				ASSETCATALOG_COMPILER_GLOBAL_ACCENT_COLOR_NAME = AccentColor;
				CODE_SIGN_STYLE = Automatic;
				CURRENT_PROJECT_VERSION = 1;
				DEVELOPMENT_ASSET_PATHS = "\"Habit Tracker/Preview Content\"";
				DEVELOPMENT_TEAM = C6GR6GJPAA;
				ENABLE_PREVIEWS = YES;
				GENERATE_INFOPLIST_FILE = YES;
				INFOPLIST_KEY_UIApplicationSceneManifest_Generation = YES;
				INFOPLIST_KEY_UIApplicationSupportsIndirectInputEvents = YES;
				INFOPLIST_KEY_UILaunchScreen_Generation = YES;
				INFOPLIST_KEY_UILaunchStoryboardName = "Launch Screen.storyboard";
				INFOPLIST_KEY_UIStatusBarStyle = "";
				INFOPLIST_KEY_UISupportedInterfaceOrientations = UIInterfaceOrientationPortrait;
				INFOPLIST_KEY_UISupportedInterfaceOrientations_iPad = "UIInterfaceOrientationLandscapeLeft UIInterfaceOrientationLandscapeRight UIInterfaceOrientationPortrait UIInterfaceOrientationPortraitUpsideDown";
				LD_RUNPATH_SEARCH_PATHS = (
					"$(inherited)",
					"@executable_path/Frameworks",
				);
				MARKETING_VERSION = 1.0;
				PRODUCT_BUNDLE_IDENTIFIER = "brett.Habit-Tracker";
				PRODUCT_NAME = "$(TARGET_NAME)";
				SWIFT_EMIT_LOC_STRINGS = YES;
				SWIFT_VERSION = 5.0;
				TARGETED_DEVICE_FAMILY = 1;
			};
			name = Debug;
		};
		9EE30AFB2BE50FC6004991EB /* Release */ = {
			isa = XCBuildConfiguration;
			buildSettings = {
				ASSETCATALOG_COMPILER_APPICON_NAME = AppIcon;
				ASSETCATALOG_COMPILER_GLOBAL_ACCENT_COLOR_NAME = AccentColor;
				CODE_SIGN_STYLE = Automatic;
				CURRENT_PROJECT_VERSION = 1;
				DEVELOPMENT_ASSET_PATHS = "\"Habit Tracker/Preview Content\"";
				DEVELOPMENT_TEAM = C6GR6GJPAA;
				ENABLE_PREVIEWS = YES;
				GENERATE_INFOPLIST_FILE = YES;
				INFOPLIST_KEY_UIApplicationSceneManifest_Generation = YES;
				INFOPLIST_KEY_UIApplicationSupportsIndirectInputEvents = YES;
				INFOPLIST_KEY_UILaunchScreen_Generation = YES;
				INFOPLIST_KEY_UILaunchStoryboardName = "Launch Screen.storyboard";
				INFOPLIST_KEY_UIStatusBarStyle = "";
				INFOPLIST_KEY_UISupportedInterfaceOrientations = UIInterfaceOrientationPortrait;
				INFOPLIST_KEY_UISupportedInterfaceOrientations_iPad = "UIInterfaceOrientationLandscapeLeft UIInterfaceOrientationLandscapeRight UIInterfaceOrientationPortrait UIInterfaceOrientationPortraitUpsideDown";
				LD_RUNPATH_SEARCH_PATHS = (
					"$(inherited)",
					"@executable_path/Frameworks",
				);
				MARKETING_VERSION = 1.0;
				PRODUCT_BUNDLE_IDENTIFIER = "brett.Habit-Tracker";
				PRODUCT_NAME = "$(TARGET_NAME)";
				SWIFT_EMIT_LOC_STRINGS = YES;
				SWIFT_VERSION = 5.0;
				TARGETED_DEVICE_FAMILY = 1;
			};
			name = Release;
		};
		9EE30AFD2BE50FC6004991EB /* Debug */ = {
			isa = XCBuildConfiguration;
			buildSettings = {
				ALWAYS_EMBED_SWIFT_STANDARD_LIBRARIES = YES;
				BUNDLE_LOADER = "$(TEST_HOST)";
				CODE_SIGN_STYLE = Automatic;
				CURRENT_PROJECT_VERSION = 1;
				DEVELOPMENT_TEAM = C6GR6GJPAA;
				GENERATE_INFOPLIST_FILE = YES;
				IPHONEOS_DEPLOYMENT_TARGET = 17.4;
				MARKETING_VERSION = 1.0;
				PRODUCT_BUNDLE_IDENTIFIER = "brett.Habit-TrackerTests";
				PRODUCT_NAME = "$(TARGET_NAME)";
				SWIFT_EMIT_LOC_STRINGS = NO;
				SWIFT_VERSION = 5.0;
				TARGETED_DEVICE_FAMILY = "1,2";
				TEST_HOST = "$(BUILT_PRODUCTS_DIR)/Habit Tracker.app/$(BUNDLE_EXECUTABLE_FOLDER_PATH)/Habit Tracker";
			};
			name = Debug;
		};
		9EE30AFE2BE50FC6004991EB /* Release */ = {
			isa = XCBuildConfiguration;
			buildSettings = {
				ALWAYS_EMBED_SWIFT_STANDARD_LIBRARIES = YES;
				BUNDLE_LOADER = "$(TEST_HOST)";
				CODE_SIGN_STYLE = Automatic;
				CURRENT_PROJECT_VERSION = 1;
				DEVELOPMENT_TEAM = C6GR6GJPAA;
				GENERATE_INFOPLIST_FILE = YES;
				IPHONEOS_DEPLOYMENT_TARGET = 17.4;
				MARKETING_VERSION = 1.0;
				PRODUCT_BUNDLE_IDENTIFIER = "brett.Habit-TrackerTests";
				PRODUCT_NAME = "$(TARGET_NAME)";
				SWIFT_EMIT_LOC_STRINGS = NO;
				SWIFT_VERSION = 5.0;
				TARGETED_DEVICE_FAMILY = "1,2";
				TEST_HOST = "$(BUILT_PRODUCTS_DIR)/Habit Tracker.app/$(BUNDLE_EXECUTABLE_FOLDER_PATH)/Habit Tracker";
			};
			name = Release;
		};
		9EE30B002BE50FC6004991EB /* Debug */ = {
			isa = XCBuildConfiguration;
			buildSettings = {
				ALWAYS_EMBED_SWIFT_STANDARD_LIBRARIES = YES;
				CODE_SIGN_STYLE = Automatic;
				CURRENT_PROJECT_VERSION = 1;
				DEVELOPMENT_TEAM = C6GR6GJPAA;
				GENERATE_INFOPLIST_FILE = YES;
				MARKETING_VERSION = 1.0;
				PRODUCT_BUNDLE_IDENTIFIER = "brett.Habit-TrackerUITests";
				PRODUCT_NAME = "$(TARGET_NAME)";
				SWIFT_EMIT_LOC_STRINGS = NO;
				SWIFT_VERSION = 5.0;
				TARGETED_DEVICE_FAMILY = "1,2";
				TEST_TARGET_NAME = "Habit Tracker";
			};
			name = Debug;
		};
		9EE30B012BE50FC6004991EB /* Release */ = {
			isa = XCBuildConfiguration;
			buildSettings = {
				ALWAYS_EMBED_SWIFT_STANDARD_LIBRARIES = YES;
				CODE_SIGN_STYLE = Automatic;
				CURRENT_PROJECT_VERSION = 1;
				DEVELOPMENT_TEAM = C6GR6GJPAA;
				GENERATE_INFOPLIST_FILE = YES;
				MARKETING_VERSION = 1.0;
				PRODUCT_BUNDLE_IDENTIFIER = "brett.Habit-TrackerUITests";
				PRODUCT_NAME = "$(TARGET_NAME)";
				SWIFT_EMIT_LOC_STRINGS = NO;
				SWIFT_VERSION = 5.0;
				TARGETED_DEVICE_FAMILY = "1,2";
				TEST_TARGET_NAME = "Habit Tracker";
			};
			name = Release;
		};
/* End XCBuildConfiguration section */

/* Begin XCConfigurationList section */
		9EE30ACB2BE50FC4004991EB /* Build configuration list for PBXProject "Habit Tracker" */ = {
			isa = XCConfigurationList;
			buildConfigurations = (
				9EE30AF72BE50FC6004991EB /* Debug */,
				9EE30AF82BE50FC6004991EB /* Release */,
			);
			defaultConfigurationIsVisible = 0;
			defaultConfigurationName = Release;
		};
		9EE30AF92BE50FC6004991EB /* Build configuration list for PBXNativeTarget "Habit Tracker" */ = {
			isa = XCConfigurationList;
			buildConfigurations = (
				9EE30AFA2BE50FC6004991EB /* Debug */,
				9EE30AFB2BE50FC6004991EB /* Release */,
			);
			defaultConfigurationIsVisible = 0;
			defaultConfigurationName = Release;
		};
		9EE30AFC2BE50FC6004991EB /* Build configuration list for PBXNativeTarget "Habit TrackerTests" */ = {
			isa = XCConfigurationList;
			buildConfigurations = (
				9EE30AFD2BE50FC6004991EB /* Debug */,
				9EE30AFE2BE50FC6004991EB /* Release */,
			);
			defaultConfigurationIsVisible = 0;
			defaultConfigurationName = Release;
		};
		9EE30AFF2BE50FC6004991EB /* Build configuration list for PBXNativeTarget "Habit TrackerUITests" */ = {
			isa = XCConfigurationList;
			buildConfigurations = (
				9EE30B002BE50FC6004991EB /* Debug */,
				9EE30B012BE50FC6004991EB /* Release */,
			);
			defaultConfigurationIsVisible = 0;
			defaultConfigurationName = Release;
		};
/* End XCConfigurationList section */

/* Begin XCVersionGroup section */
		9EE30ADE2BE50FC6004991EB /* Habit_Tracker.xcdatamodeld */ = {
			isa = XCVersionGroup;
			children = (
				9EE30ADF2BE50FC6004991EB /* Habit_Tracker.xcdatamodel */,
			);
			currentVersion = 9EE30ADF2BE50FC6004991EB /* Habit_Tracker.xcdatamodel */;
			path = Habit_Tracker.xcdatamodeld;
			sourceTree = "<group>";
			versionGroupType = wrapper.xcdatamodel;
		};
/* End XCVersionGroup section */
	};
	rootObject = 9EE30AC82BE50FC4004991EB /* Project object */;
}
